
Microsoft Visual Studio Solution File, Format Version 12.00
# Visual Studio Version 17
VisualStudioVersion = 17.0.31903.59
MinimumVisualStudioVersion = 10.0.40219.1
Project("{2150E333-8FDC-42A3-9474-1A3956D46DE8}") = "src", "src", "{50651F85-15BE-4B05-A275-B1849DDF41E6}"
EndProject
Project("{FAE04EC0-301F-11D3-BF4B-00C04F79EFBC}") = "Monolith", "src\Monolith\Monolith.csproj", "{986B0EFE-555C-45D1-9EE3-FDBEA42C3093}"
EndProject
Project("{2150E333-8FDC-42A3-9474-1A3956D46DE8}") = "Services", "Services", "{60C4602D-DBEE-4820-A89B-ED04105356A0}"
EndProject
Project("{2150E333-8FDC-42A3-9474-1A3956D46DE8}") = "EmailService.Mock", "EmailService.Mock", "{5CC978ED-6395-4622-981F-0852924BB0C1}"
EndProject
Project("{FAE04EC0-301F-11D3-BF4B-00C04F79EFBC}") = "EmailService.Mock", "src\Services\EmailService.Mock\EmailService.Mock\EmailService.Mock.csproj", "{D45854A7-E858-4540-8D90-E3B867DA18D7}"
EndProject
Global
	GlobalSection(SolutionConfigurationPlatforms) = preSolution
		Debug|Any CPU = Debug|Any CPU
		Release|Any CPU = Release|Any CPU
	EndGlobalSection
	GlobalSection(SolutionProperties) = preSolution
		HideSolutionNode = FALSE
	EndGlobalSection
	GlobalSection(ProjectConfigurationPlatforms) = postSolution
		{986B0EFE-555C-45D1-9EE3-FDBEA42C3093}.Debug|Any CPU.ActiveCfg = Debug|Any CPU
		{986B0EFE-555C-45D1-9EE3-FDBEA42C3093}.Debug|Any CPU.Build.0 = Debug|Any CPU
		{986B0EFE-555C-45D1-9EE3-FDBEA42C3093}.Release|Any CPU.ActiveCfg = Release|Any CPU
		{986B0EFE-555C-45D1-9EE3-FDBEA42C3093}.Release|Any CPU.Build.0 = Release|Any CPU
		{D45854A7-E858-4540-8D90-E3B867DA18D7}.Debug|Any CPU.ActiveCfg = Debug|Any CPU
		{D45854A7-E858-4540-8D90-E3B867DA18D7}.Debug|Any CPU.Build.0 = Debug|Any CPU
		{D45854A7-E858-4540-8D90-E3B867DA18D7}.Release|Any CPU.ActiveCfg = Release|Any CPU
		{D45854A7-E858-4540-8D90-E3B867DA18D7}.Release|Any CPU.Build.0 = Release|Any CPU
	EndGlobalSection
	GlobalSection(NestedProjects) = preSolution
		{986B0EFE-555C-45D1-9EE3-FDBEA42C3093} = {50651F85-15BE-4B05-A275-B1849DDF41E6}
		{60C4602D-DBEE-4820-A89B-ED04105356A0} = {50651F85-15BE-4B05-A275-B1849DDF41E6}
		{5CC978ED-6395-4622-981F-0852924BB0C1} = {60C4602D-DBEE-4820-A89B-ED04105356A0}
		{D45854A7-E858-4540-8D90-E3B867DA18D7} = {5CC978ED-6395-4622-981F-0852924BB0C1}
	EndGlobalSection
EndGlobal
